
Microsoft Visual Studio Solution File, Format Version 12.00
# Visual Studio Version 17
VisualStudioVersion = 17.8.34330.188
MinimumVisualStudioVersion = 10.0.40219.1
Project("{8BC9CEB8-8B4A-11D0-8D11-00A0C91BC942}") = "Program", "Program.vcxproj", "{93736381-3DAD-41BB-B487-EC9585007CD5}"
EndProject
Project("{8BC9CEB8-8B4A-11D0-8D11-00A0C91BC942}") = "Class 1th (Single Linked List)", "..\Class 1th (Single Linked List)\Class 1th (Single Linked List).vcxproj", "{09711365-B740-41A9-929F-F0EDB7C5DC56}"
EndProject
Project("{8BC9CEB8-8B4A-11D0-8D11-00A0C91BC942}") = "Class 2th (Double Linked List)", "..\Class 2th (Double Linked List)\Class 2th (Double Linked List).vcxproj", "{C8EF3228-E1CB-48CF-B50A-13512EE51C0D}"
EndProject
Project("{8BC9CEB8-8B4A-11D0-8D11-00A0C91BC942}") = "Class3th (Circle Linked List)", "..\Class3th (Circle Linked List)\Class3th (Circle Linked List).vcxproj", "{374C8C45-DE64-49F7-AE91-2CBF47F271C3}"
EndProject
Project("{8BC9CEB8-8B4A-11D0-8D11-00A0C91BC942}") = "Class4th (Stack)", "..\Class4th (Stack)\Class4th (Stack).vcxproj", "{2F26B978-E503-4C69-8BED-5C2688817D62}"
EndProject
Project("{8BC9CEB8-8B4A-11D0-8D11-00A0C91BC942}") = "Class5th (Linear Queue)", "..\Class5th (Linear Queue)\Class5th (Linear Queue).vcxproj", "{B7D8293A-0B1F-460C-960E-0A6989A50573}"
EndProject
Project("{8BC9CEB8-8B4A-11D0-8D11-00A0C91BC942}") = "Class6th (Circle Queue)", "..\Class6th (Circle Queue)\Class6th (Circle Queue).vcxproj", "{079599BC-AE82-47E9-9053-60A0569240B1}"
EndProject
Project("{8BC9CEB8-8B4A-11D0-8D11-00A0C91BC942}") = "Class7th (Vector)", "..\Class7th (Vector)\Class7th (Vector).vcxproj", "{5463B792-1EDF-4BAF-ADB9-8C423888B39B}"
EndProject
Global
	GlobalSection(SolutionConfigurationPlatforms) = preSolution
		Debug|x64 = Debug|x64
		Debug|x86 = Debug|x86
		Release|x64 = Release|x64
		Release|x86 = Release|x86
	EndGlobalSection
	GlobalSection(ProjectConfigurationPlatforms) = postSolution
		{93736381-3DAD-41BB-B487-EC9585007CD5}.Debug|x64.ActiveCfg = Debug|x64
		{93736381-3DAD-41BB-B487-EC9585007CD5}.Debug|x64.Build.0 = Debug|x64
		{93736381-3DAD-41BB-B487-EC9585007CD5}.Debug|x86.ActiveCfg = Debug|Win32
		{93736381-3DAD-41BB-B487-EC9585007CD5}.Debug|x86.Build.0 = Debug|Win32
		{93736381-3DAD-41BB-B487-EC9585007CD5}.Release|x64.ActiveCfg = Release|x64
		{93736381-3DAD-41BB-B487-EC9585007CD5}.Release|x64.Build.0 = Release|x64
		{93736381-3DAD-41BB-B487-EC9585007CD5}.Release|x86.ActiveCfg = Release|Win32
		{93736381-3DAD-41BB-B487-EC9585007CD5}.Release|x86.Build.0 = Release|Win32
		{09711365-B740-41A9-929F-F0EDB7C5DC56}.Debug|x64.ActiveCfg = Debug|x64
		{09711365-B740-41A9-929F-F0EDB7C5DC56}.Debug|x64.Build.0 = Debug|x64
		{09711365-B740-41A9-929F-F0EDB7C5DC56}.Debug|x86.ActiveCfg = Debug|Win32
		{09711365-B740-41A9-929F-F0EDB7C5DC56}.Debug|x86.Build.0 = Debug|Win32
		{09711365-B740-41A9-929F-F0EDB7C5DC56}.Release|x64.ActiveCfg = Release|x64
		{09711365-B740-41A9-929F-F0EDB7C5DC56}.Release|x64.Build.0 = Release|x64
		{09711365-B740-41A9-929F-F0EDB7C5DC56}.Release|x86.ActiveCfg = Release|Win32
		{09711365-B740-41A9-929F-F0EDB7C5DC56}.Release|x86.Build.0 = Release|Win32
		{C8EF3228-E1CB-48CF-B50A-13512EE51C0D}.Debug|x64.ActiveCfg = Debug|x64
		{C8EF3228-E1CB-48CF-B50A-13512EE51C0D}.Debug|x64.Build.0 = Debug|x64
		{C8EF3228-E1CB-48CF-B50A-13512EE51C0D}.Debug|x86.ActiveCfg = Debug|Win32
		{C8EF3228-E1CB-48CF-B50A-13512EE51C0D}.Debug|x86.Build.0 = Debug|Win32
		{C8EF3228-E1CB-48CF-B50A-13512EE51C0D}.Release|x64.ActiveCfg = Release|x64
		{C8EF3228-E1CB-48CF-B50A-13512EE51C0D}.Release|x64.Build.0 = Release|x64
		{C8EF3228-E1CB-48CF-B50A-13512EE51C0D}.Release|x86.ActiveCfg = Release|Win32
		{C8EF3228-E1CB-48CF-B50A-13512EE51C0D}.Release|x86.Build.0 = Release|Win32
		{374C8C45-DE64-49F7-AE91-2CBF47F271C3}.Debug|x64.ActiveCfg = Debug|x64
		{374C8C45-DE64-49F7-AE91-2CBF47F271C3}.Debug|x64.Build.0 = Debug|x64
		{374C8C45-DE64-49F7-AE91-2CBF47F271C3}.Debug|x86.ActiveCfg = Debug|Win32
		{374C8C45-DE64-49F7-AE91-2CBF47F271C3}.Debug|x86.Build.0 = Debug|Win32
		{374C8C45-DE64-49F7-AE91-2CBF47F271C3}.Release|x64.ActiveCfg = Release|x64
		{374C8C45-DE64-49F7-AE91-2CBF47F271C3}.Release|x64.Build.0 = Release|x64
		{374C8C45-DE64-49F7-AE91-2CBF47F271C3}.Release|x86.ActiveCfg = Release|Win32
		{374C8C45-DE64-49F7-AE91-2CBF47F271C3}.Release|x86.Build.0 = Release|Win32
		{2F26B978-E503-4C69-8BED-5C2688817D62}.Debug|x64.ActiveCfg = Debug|x64
		{2F26B978-E503-4C69-8BED-5C2688817D62}.Debug|x64.Build.0 = Debug|x64
		{2F26B978-E503-4C69-8BED-5C2688817D62}.Debug|x86.ActiveCfg = Debug|Win32
		{2F26B978-E503-4C69-8BED-5C2688817D62}.Debug|x86.Build.0 = Debug|Win32
		{2F26B978-E503-4C69-8BED-5C2688817D62}.Release|x64.ActiveCfg = Release|x64
		{2F26B978-E503-4C69-8BED-5C2688817D62}.Release|x64.Build.0 = Release|x64
		{2F26B978-E503-4C69-8BED-5C2688817D62}.Release|x86.ActiveCfg = Release|Win32
		{2F26B978-E503-4C69-8BED-5C2688817D62}.Release|x86.Build.0 = Release|Win32
		{B7D8293A-0B1F-460C-960E-0A6989A50573}.Debug|x64.ActiveCfg = Debug|x64
		{B7D8293A-0B1F-460C-960E-0A6989A50573}.Debug|x64.Build.0 = Debug|x64
		{B7D8293A-0B1F-460C-960E-0A6989A50573}.Debug|x86.ActiveCfg = Debug|Win32
		{B7D8293A-0B1F-460C-960E-0A6989A50573}.Debug|x86.Build.0 = Debug|Win32
		{B7D8293A-0B1F-460C-960E-0A6989A50573}.Release|x64.ActiveCfg = Release|x64
		{B7D8293A-0B1F-460C-960E-0A6989A50573}.Release|x64.Build.0 = Release|x64
		{B7D8293A-0B1F-460C-960E-0A6989A50573}.Release|x86.ActiveCfg = Release|Win32
		{B7D8293A-0B1F-460C-960E-0A6989A50573}.Release|x86.Build.0 = Release|Win32
		{079599BC-AE82-47E9-9053-60A0569240B1}.Debug|x64.ActiveCfg = Debug|x64
		{079599BC-AE82-47E9-9053-60A0569240B1}.Debug|x64.Build.0 = Debug|x64
		{079599BC-AE82-47E9-9053-60A0569240B1}.Debug|x86.ActiveCfg = Debug|Win32
		{079599BC-AE82-47E9-9053-60A0569240B1}.Debug|x86.Build.0 = Debug|Win32
		{079599BC-AE82-47E9-9053-60A0569240B1}.Release|x64.ActiveCfg = Release|x64
		{079599BC-AE82-47E9-9053-60A0569240B1}.Release|x64.Build.0 = Release|x64
		{079599BC-AE82-47E9-9053-60A0569240B1}.Release|x86.ActiveCfg = Release|Win32
		{079599BC-AE82-47E9-9053-60A0569240B1}.Release|x86.Build.0 = Release|Win32
		{5463B792-1EDF-4BAF-ADB9-8C423888B39B}.Debug|x64.ActiveCfg = Debug|x64
		{5463B792-1EDF-4BAF-ADB9-8C423888B39B}.Debug|x64.Build.0 = Debug|x64
		{5463B792-1EDF-4BAF-ADB9-8C423888B39B}.Debug|x86.ActiveCfg = Debug|Win32
		{5463B792-1EDF-4BAF-ADB9-8C423888B39B}.Debug|x86.Build.0 = Debug|Win32
		{5463B792-1EDF-4BAF-ADB9-8C423888B39B}.Release|x64.ActiveCfg = Release|x64
		{5463B792-1EDF-4BAF-ADB9-8C423888B39B}.Release|x64.Build.0 = Release|x64
		{5463B792-1EDF-4BAF-ADB9-8C423888B39B}.Release|x86.ActiveCfg = Release|Win32
		{5463B792-1EDF-4BAF-ADB9-8C423888B39B}.Release|x86.Build.0 = Release|Win32
	EndGlobalSection
	GlobalSection(SolutionProperties) = preSolution
		HideSolutionNode = FALSE
	EndGlobalSection
	GlobalSection(ExtensibilityGlobals) = postSolution
		SolutionGuid = {2D18B32B-79BE-4A0B-929F-3950E0BEBA3B}
	EndGlobalSection
EndGlobal
